PODS:
  - CoreDataServices (1.1.4)
  - EasyAlert (1.0.1)
  - EasyDownloadSession (1.0.5)
  - OCMock (3.2.2)
  - PureLayout (3.0.1)
  - Reveal-iOS-SDK (1.6.2)
  - SimpleTableView (1.0.3):
    - SimpleTableView/STVPaginatingView (= 1.0.3)
  - SimpleTableView/STVPaginatingView (1.0.3):
    - PureLayout

DEPENDENCIES:
  - CoreDataServices (= 1.1.4)
  - EasyAlert
  - EasyDownloadSession (from `https://github.com/lagubull/EasyDownloadSession`)
  - OCMock (~> 3.2)
  - PureLayout
  - Reveal-iOS-SDK (~> 1.6)
  - SimpleTableView (~> 1.0.3)

EXTERNAL SOURCES:
  EasyDownloadSession:
    :git: https://github.com/lagubull/EasyDownloadSession

CHECKOUT OPTIONS:
  EasyDownloadSession:
    :commit: a2da036d3ecc5f5ac93ff872a47bf1d649dfffde
    :git: https://github.com/lagubull/EasyDownloadSession

SPEC CHECKSUMS:
  CoreDataServices: d4ae6543e2d330a69a609dd34f30dda40c00565c
  EasyAlert: 837fa8d271786f3feedd83ca6bccc2e090abd091
  EasyDownloadSession: 2742231943c9cc481e1c26ed541af5fc338789a5
  OCMock: 18c9b7e67d4c2770e95bb77a9cc1ae0c91fe3835
  PureLayout: f35f5384c9c4e4479df041dbe33ad7577b71ddfb
  Reveal-iOS-SDK: e2250b3c155bcfac53ae223ddc1f76d08f206c33
  SimpleTableView: d5c86cffbe961311e4059e87a8c1550142470c71

COCOAPODS: 0.39.0
