PODS:
  - ConvenientFileManager (2.0.7)
  - CoreDataServices (2.0.6):
    - ConvenientFileManager (~> 2.0)
  - EasyAlert (1.0.1)
  - EasyDownloadSession (2.0.2)
  - OCMock (3.3)
  - PureLayout (3.0.1)
  - Reveal-iOS-SDK (1.6.2)
  - SimpleTableView (1.0.3):
    - SimpleTableView/STVPaginatingView (= 1.0.3)
  - SimpleTableView/STVPaginatingView (1.0.3):
    - PureLayout

DEPENDENCIES:
  - CoreDataServices
  - EasyAlert
  - EasyDownloadSession (= 2.0.2)
  - OCMock (~> 3.2)
  - PureLayout
  - Reveal-iOS-SDK (~> 1.6)
  - SimpleTableView (~> 1.0.3)

SPEC CHECKSUMS:
  ConvenientFileManager: fbe505538cff2822268d451e6c5644d5651d93d2
  CoreDataServices: 2e5547400800d78218975abc8c094e69d6726b4f
  EasyAlert: 837fa8d271786f3feedd83ca6bccc2e090abd091
  EasyDownloadSession: 4a9f97482927db64c19c795edc0b4a4434cf9008
  OCMock: d68685bde31f69cb61d518dcb39269080c78b5ed
  PureLayout: f35f5384c9c4e4479df041dbe33ad7577b71ddfb
  Reveal-iOS-SDK: e2250b3c155bcfac53ae223ddc1f76d08f206c33
  SimpleTableView: d5c86cffbe961311e4059e87a8c1550142470c71

PODFILE CHECKSUM: 66f53a18bfedb6aeba757ac803c8301b649af9aa

COCOAPODS: 1.1.0.beta.1
