// !$*UTF8*$!
{
	archiveVersion = 1;
	classes = {
	};
	objectVersion = 46;
	objects = {

/* Begin PBXBuildFile section */
		3B30E6C51C996E0500DFE289 /* JSCMediaStorageOperation.swift in Sources */ = {isa = PBXBuildFile; fileRef = 3B30E6C41C996E0500DFE289 /* JSCMediaStorageOperation.swift */; };
		3B30E6C71C9984B400DFE289 /* JSCLocalImageAssetRetrievalOperation.swift in Sources */ = {isa = PBXBuildFile; fileRef = 3B30E6C61C9984B400DFE289 /* JSCLocalImageAssetRetrievalOperation.swift */; };
		3B30E6D01C99BCEA00DFE289 /* JSCOperationCoordinator.swift in Sources */ = {isa = PBXBuildFile; fileRef = 3B30E6CF1C99BCEA00DFE289 /* JSCOperationCoordinator.swift */; };
		3B30E6D21C99CA1D00DFE289 /* JSCMediaManager.swift in Sources */ = {isa = PBXBuildFile; fileRef = 3B30E6D11C99CA1D00DFE289 /* JSCMediaManager.swift */; };
		3B3111C81B6E127D008E374E /* SocialChallenge.xcdatamodeld in Sources */ = {isa = PBXBuildFile; fileRef = 3B3111BB1B6E127D008E374E /* SocialChallenge.xcdatamodeld */; };
		3B3111C91B6E127D008E374E /* Images.xcassets in Resources */ = {isa = PBXBuildFile; fileRef = 3B3111BF1B6E127D008E374E /* Images.xcassets */; };
		3B311D861CA2A54600AB2E37 /* JSCPostTests.swift in Sources */ = {isa = PBXBuildFile; fileRef = 3B311D851CA2A54600AB2E37 /* JSCPostTests.swift */; };
		3B311D8B1CA310B600AB2E37 /* JSCPostPageTests.swift in Sources */ = {isa = PBXBuildFile; fileRef = 3B311D8A1CA310B600AB2E37 /* JSCPostPageTests.swift */; };
		3B31FEB11C9B185E001E8C34 /* JSCJSONManager.swift in Sources */ = {isa = PBXBuildFile; fileRef = 3B31FEB01C9B185E001E8C34 /* JSCJSONManager.swift */; };
		3B33AC661C91B2A70010F219 /* JSCFeedRequest.swift in Sources */ = {isa = PBXBuildFile; fileRef = 3B33AC651C91B2A70010F219 /* JSCFeedRequest.swift */; };
		3B33AC681C91BE2B0010F219 /* JSCFeedParsingOperation.swift in Sources */ = {isa = PBXBuildFile; fileRef = 3B33AC671C91BE2B0010F219 /* JSCFeedParsingOperation.swift */; };
		3B3917EB1C9C0BFD00D5C699 /* JSCFileManager.swift in Sources */ = {isa = PBXBuildFile; fileRef = 3B3917EA1C9C0BFD00D5C699 /* JSCFileManager.swift */; };
		3B3917ED1C9C2C7600D5C699 /* UIImage+JSCRoundImage.swift in Sources */ = {isa = PBXBuildFile; fileRef = 3B3917EC1C9C2C7600D5C699 /* UIImage+JSCRoundImage.swift */; };
		3B3917F11C9C763900D5C699 /* UIImage+JSCScaleImage.swift in Sources */ = {isa = PBXBuildFile; fileRef = 3B3917EE1C9C3F8500D5C699 /* UIImage+JSCScaleImage.swift */; };
		3B3917F31C9C77BE00D5C699 /* UINavigationBar+JSCCustomHeight.swift in Sources */ = {isa = PBXBuildFile; fileRef = 3B3917F21C9C77BE00D5C699 /* UINavigationBar+JSCCustomHeight.swift */; };
		3B3F58631CA1B64700C1766E /* JSCPostParserTests.swift in Sources */ = {isa = PBXBuildFile; fileRef = 3B481F101CA0632B00C91E63 /* JSCPostParserTests.swift */; };
		3B4287EF1C89A7F200D3D4EF /* JSCPost.swift in Sources */ = {isa = PBXBuildFile; fileRef = 3B4287EE1C89A7F200D3D4EF /* JSCPost.swift */; };
		3B4288001C89A8AF00D3D4EF /* JSCPost+CoreDataProperties.swift in Sources */ = {isa = PBXBuildFile; fileRef = 3B4287FD1C89A8AF00D3D4EF /* JSCPost+CoreDataProperties.swift */; };
		3B4288061C89E80D00D3D4EF /* JSCPostPage+CoreDataProperties.swift in Sources */ = {isa = PBXBuildFile; fileRef = 3B4287FF1C89A8AF00D3D4EF /* JSCPostPage+CoreDataProperties.swift */; };
		3B4288071C89E80F00D3D4EF /* JSCPostPage.swift in Sources */ = {isa = PBXBuildFile; fileRef = 3B4287FE1C89A8AF00D3D4EF /* JSCPostPage.swift */; };
		3B42880B1C89FCCF00D3D4EF /* JSCPostPageParser.swift in Sources */ = {isa = PBXBuildFile; fileRef = 3B42880A1C89FCCF00D3D4EF /* JSCPostPageParser.swift */; };
		3B4E80211C8DA1A600ECFCD0 /* JSCParser.swift in Sources */ = {isa = PBXBuildFile; fileRef = 3B4E80201C8DA1A600ECFCD0 /* JSCParser.swift */; };
		3B4E80281C8DE70600ECFCD0 /* JSCDateFormatter.swift in Sources */ = {isa = PBXBuildFile; fileRef = 3B4E80271C8DE70600ECFCD0 /* JSCDateFormatter.swift */; };
		3B5867141C98682D005BCDEB /* JSCRootNavigationController.swift in Sources */ = {isa = PBXBuildFile; fileRef = 3B5867131C98682D005BCDEB /* JSCRootNavigationController.swift */; };
		3B5867181C9871B7005BCDEB /* JSCOperation.swift in Sources */ = {isa = PBXBuildFile; fileRef = 3B5867171C9871B7005BCDEB /* JSCOperation.swift */; };
		3B5F36B91C99DBB9009E7F7D /* JSCSplashViewController.swift in Sources */ = {isa = PBXBuildFile; fileRef = 3B5F36B81C99DBB9009E7F7D /* JSCSplashViewController.swift */; };
		3B70D2571C8600B100A6AB11 /* Localizable.strings in Resources */ = {isa = PBXBuildFile; fileRef = 3B70D2591C8600B100A6AB11 /* Localizable.strings */; };
		3B7C51131C944C72000AACB5 /* JSCHomeAdapter.swift in Sources */ = {isa = PBXBuildFile; fileRef = 3B7C51121C944C72000AACB5 /* JSCHomeAdapter.swift */; };
		3B7C51151C946BBF000AACB5 /* JSCFeedAPIManager.swift in Sources */ = {isa = PBXBuildFile; fileRef = 3B7C51141C946BBF000AACB5 /* JSCFeedAPIManager.swift */; };
		3B7C51371C94756D000AACB5 /* JSCAppDelegate.swift in Sources */ = {isa = PBXBuildFile; fileRef = 3B7C51361C94756D000AACB5 /* JSCAppDelegate.swift */; };
		3BF0A15D1C92E70F004E9E50 /* JSCWindow.swift in Sources */ = {isa = PBXBuildFile; fileRef = 3BF0A15C1C92E70F004E9E50 /* JSCWindow.swift */; };
		3BF0A1671C933CC9004E9E50 /* JSCLoadingView.swift in Sources */ = {isa = PBXBuildFile; fileRef = 3BF0A1661C933CC9004E9E50 /* JSCLoadingView.swift */; };
		3BF0A1681C933D8B004E9E50 /* JSCEmptyView.swift in Sources */ = {isa = PBXBuildFile; fileRef = 3BF0A1601C9306AA004E9E50 /* JSCEmptyView.swift */; };
		3BF19AFA1C92090A006F4AC1 /* JSCCDSOperation.swift in Sources */ = {isa = PBXBuildFile; fileRef = 3BF19AF91C92090A006F4AC1 /* JSCCDSOperation.swift */; };
		3BF46A901C8C811200DD55EA /* JSCPostParser.swift in Sources */ = {isa = PBXBuildFile; fileRef = 3BF46A8F1C8C811200DD55EA /* JSCPostParser.swift */; };
		3BFF18A51C941C3D00638549 /* JSCPostTableViewCell.swift in Sources */ = {isa = PBXBuildFile; fileRef = 3BFF18A41C941C3D00638549 /* JSCPostTableViewCell.swift */; };
		3BFF18A71C9436B600638549 /* JSCHomeViewController.swift in Sources */ = {isa = PBXBuildFile; fileRef = 3BFF18A61C9436B600638549 /* JSCHomeViewController.swift */; };
		688E4A7F2D96FE901926B777 /* SystemConfiguration.framework in Frameworks */ = {isa = PBXBuildFile; fileRef = ADC6FD99435A1465FF5C03EE /* SystemConfiguration.framework */; };
		6E406D150E25D851AF9BA65E /* CoreTelephony.framework in Frameworks */ = {isa = PBXBuildFile; fileRef = 74C96BA68FDBF442184EEF8B /* CoreTelephony.framework */; };
		AFC02515028F674F69A28856 /* Pods.framework in Frameworks */ = {isa = PBXBuildFile; fileRef = 1281F7FA650B40490DA7EC82 /* Pods.framework */; };
		BA544E9361EAF529778588A5 /* CoreText.framework in Frameworks */ = {isa = PBXBuildFile; fileRef = C1C9187E6B5128FE05C33908 /* CoreText.framework */; };
		BF487C44F0E59E581C2A3BD5 /* AssetsLibrary.framework in Frameworks */ = {isa = PBXBuildFile; fileRef = 10F4D3D95F7F7974853D95B9 /* AssetsLibrary.framework */; };
		D980C4EDBB68412EEA73790C /* QuartzCore.framework in Frameworks */ = {isa = PBXBuildFile; fileRef = A6CB6A70FA358AC88A18E033 /* QuartzCore.framework */; };
/* End PBXBuildFile section */

/* Begin PBXContainerItemProxy section */
		3B3F585E1CA1B61D00C1766E /* PBXContainerItemProxy */ = {
			isa = PBXContainerItemProxy;
			containerPortal = 3B31117A1B6E1095008E374E /* Project object */;
			proxyType = 1;
			remoteGlobalIDString = 3B3111831B6E110B008E374E;
			remoteInfo = SocialChallenge;
		};
/* End PBXContainerItemProxy section */

/* Begin PBXFileReference section */
		10F4D3D95F7F7974853D95B9 /* AssetsLibrary.framework */ = {isa = PBXFileReference; lastKnownFileType = wrapper.framework; name = AssetsLibrary.framework; path = System/Library/Frameworks/AssetsLibrary.framework; sourceTree = SDKROOT; };
		1281F7FA650B40490DA7EC82 /* Pods.framework */ = {isa = PBXFileReference; explicitFileType = wrapper.framework; includeInIndex = 0; path = Pods.framework; sourceTree = BUILT_PRODUCTS_DIR; };
		287EE8E2B0E7510D34C9CF91 /* Pods.release.xcconfig */ = {isa = PBXFileReference; includeInIndex = 1; lastKnownFileType = text.xcconfig; name = Pods.release.xcconfig; path = "Pods/Target Support Files/Pods/Pods.release.xcconfig"; sourceTree = "<group>"; };
		2E73AAD5DB1DBD17B4F05771 /* Pods.debug.xcconfig */ = {isa = PBXFileReference; includeInIndex = 1; lastKnownFileType = text.xcconfig; name = Pods.debug.xcconfig; path = "Pods/Target Support Files/Pods/Pods.debug.xcconfig"; sourceTree = "<group>"; };
		3B30E6C41C996E0500DFE289 /* JSCMediaStorageOperation.swift */ = {isa = PBXFileReference; fileEncoding = 4; lastKnownFileType = sourcecode.swift; path = JSCMediaStorageOperation.swift; sourceTree = "<group>"; };
		3B30E6C61C9984B400DFE289 /* JSCLocalImageAssetRetrievalOperation.swift */ = {isa = PBXFileReference; fileEncoding = 4; lastKnownFileType = sourcecode.swift; path = JSCLocalImageAssetRetrievalOperation.swift; sourceTree = "<group>"; };
		3B30E6CF1C99BCEA00DFE289 /* JSCOperationCoordinator.swift */ = {isa = PBXFileReference; fileEncoding = 4; lastKnownFileType = sourcecode.swift; path = JSCOperationCoordinator.swift; sourceTree = "<group>"; };
		3B30E6D11C99CA1D00DFE289 /* JSCMediaManager.swift */ = {isa = PBXFileReference; fileEncoding = 4; lastKnownFileType = sourcecode.swift; path = JSCMediaManager.swift; sourceTree = "<group>"; };
		3B3111841B6E110B008E374E /* SocialChallenge.app */ = {isa = PBXFileReference; explicitFileType = wrapper.application; includeInIndex = 0; path = SocialChallenge.app; sourceTree = BUILT_PRODUCTS_DIR; };
		3B3111881B6E110B008E374E /* Info.plist */ = {isa = PBXFileReference; lastKnownFileType = text.plist.xml; path = Info.plist; sourceTree = "<group>"; };
		3B3111BC1B6E127D008E374E /* SocialChallenge.xcdatamodel */ = {isa = PBXFileReference; lastKnownFileType = wrapper.xcdatamodel; path = SocialChallenge.xcdatamodel; sourceTree = "<group>"; };
		3B3111BF1B6E127D008E374E /* Images.xcassets */ = {isa = PBXFileReference; lastKnownFileType = folder.assetcatalog; path = Images.xcassets; sourceTree = "<group>"; };
		3B3111CA1B6E12F0008E374E /* PrefixHeader.pch */ = {isa = PBXFileReference; fileEncoding = 4; lastKnownFileType = sourcecode.c.h; path = PrefixHeader.pch; sourceTree = "<group>"; };
		3B311D851CA2A54600AB2E37 /* JSCPostTests.swift */ = {isa = PBXFileReference; fileEncoding = 4; lastKnownFileType = sourcecode.swift; path = JSCPostTests.swift; sourceTree = "<group>"; };
		3B311D8A1CA310B600AB2E37 /* JSCPostPageTests.swift */ = {isa = PBXFileReference; fileEncoding = 4; lastKnownFileType = sourcecode.swift; path = JSCPostPageTests.swift; sourceTree = "<group>"; };
		3B31FEB01C9B185E001E8C34 /* JSCJSONManager.swift */ = {isa = PBXFileReference; fileEncoding = 4; lastKnownFileType = sourcecode.swift; path = JSCJSONManager.swift; sourceTree = "<group>"; };
		3B33AC651C91B2A70010F219 /* JSCFeedRequest.swift */ = {isa = PBXFileReference; fileEncoding = 4; lastKnownFileType = sourcecode.swift; path = JSCFeedRequest.swift; sourceTree = "<group>"; };
		3B33AC671C91BE2B0010F219 /* JSCFeedParsingOperation.swift */ = {isa = PBXFileReference; fileEncoding = 4; lastKnownFileType = sourcecode.swift; path = JSCFeedParsingOperation.swift; sourceTree = "<group>"; };
		3B3917EA1C9C0BFD00D5C699 /* JSCFileManager.swift */ = {isa = PBXFileReference; fileEncoding = 4; lastKnownFileType = sourcecode.swift; path = JSCFileManager.swift; sourceTree = "<group>"; };
		3B3917EC1C9C2C7600D5C699 /* UIImage+JSCRoundImage.swift */ = {isa = PBXFileReference; fileEncoding = 4; lastKnownFileType = sourcecode.swift; path = "UIImage+JSCRoundImage.swift"; sourceTree = "<group>"; };
		3B3917EE1C9C3F8500D5C699 /* UIImage+JSCScaleImage.swift */ = {isa = PBXFileReference; fileEncoding = 4; lastKnownFileType = sourcecode.swift; path = "UIImage+JSCScaleImage.swift"; sourceTree = "<group>"; };
		3B3917F21C9C77BE00D5C699 /* UINavigationBar+JSCCustomHeight.swift */ = {isa = PBXFileReference; fileEncoding = 4; lastKnownFileType = sourcecode.swift; path = "UINavigationBar+JSCCustomHeight.swift"; sourceTree = "<group>"; };
		3B3F58591CA1B61D00C1766E /* SocialChallengeTests.xctest */ = {isa = PBXFileReference; explicitFileType = wrapper.cfbundle; includeInIndex = 0; path = SocialChallengeTests.xctest; sourceTree = BUILT_PRODUCTS_DIR; };
		3B3F585D1CA1B61D00C1766E /* Info.plist */ = {isa = PBXFileReference; lastKnownFileType = text.plist.xml; path = Info.plist; sourceTree = "<group>"; };
		3B4287EE1C89A7F200D3D4EF /* JSCPost.swift */ = {isa = PBXFileReference; fileEncoding = 4; lastKnownFileType = sourcecode.swift; path = JSCPost.swift; sourceTree = "<group>"; };
		3B4287FD1C89A8AF00D3D4EF /* JSCPost+CoreDataProperties.swift */ = {isa = PBXFileReference; fileEncoding = 4; lastKnownFileType = sourcecode.swift; path = "JSCPost+CoreDataProperties.swift"; sourceTree = "<group>"; };
		3B4287FE1C89A8AF00D3D4EF /* JSCPostPage.swift */ = {isa = PBXFileReference; fileEncoding = 4; lastKnownFileType = sourcecode.swift; path = JSCPostPage.swift; sourceTree = "<group>"; };
		3B4287FF1C89A8AF00D3D4EF /* JSCPostPage+CoreDataProperties.swift */ = {isa = PBXFileReference; fileEncoding = 4; lastKnownFileType = sourcecode.swift; path = "JSCPostPage+CoreDataProperties.swift"; sourceTree = "<group>"; };
		3B4288051C89C9D200D3D4EF /* SocialChallenge-Bridging-Header.h */ = {isa = PBXFileReference; fileEncoding = 4; lastKnownFileType = sourcecode.c.h; path = "SocialChallenge-Bridging-Header.h"; sourceTree = "<group>"; };
		3B42880A1C89FCCF00D3D4EF /* JSCPostPageParser.swift */ = {isa = PBXFileReference; fileEncoding = 4; lastKnownFileType = sourcecode.swift; path = JSCPostPageParser.swift; sourceTree = "<group>"; };
		3B42880E1C8A501A00D3D4EF /* JSCFeedRetrieveOperationTests.m */ = {isa = PBXFileReference; fileEncoding = 4; lastKnownFileType = sourcecode.c.objc; path = JSCFeedRetrieveOperationTests.m; sourceTree = "<group>"; };
		3B481F101CA0632B00C91E63 /* JSCPostParserTests.swift */ = {isa = PBXFileReference; fileEncoding = 4; lastKnownFileType = sourcecode.swift; path = JSCPostParserTests.swift; sourceTree = "<group>"; };
		3B4E80201C8DA1A600ECFCD0 /* JSCParser.swift */ = {isa = PBXFileReference; fileEncoding = 4; lastKnownFileType = sourcecode.swift; path = JSCParser.swift; sourceTree = "<group>"; };
		3B4E80271C8DE70600ECFCD0 /* JSCDateFormatter.swift */ = {isa = PBXFileReference; fileEncoding = 4; lastKnownFileType = sourcecode.swift; path = JSCDateFormatter.swift; sourceTree = "<group>"; };
		3B5867131C98682D005BCDEB /* JSCRootNavigationController.swift */ = {isa = PBXFileReference; fileEncoding = 4; lastKnownFileType = sourcecode.swift; path = JSCRootNavigationController.swift; sourceTree = "<group>"; };
		3B5867171C9871B7005BCDEB /* JSCOperation.swift */ = {isa = PBXFileReference; fileEncoding = 4; lastKnownFileType = sourcecode.swift; path = JSCOperation.swift; sourceTree = "<group>"; };
		3B5F36B81C99DBB9009E7F7D /* JSCSplashViewController.swift */ = {isa = PBXFileReference; fileEncoding = 4; lastKnownFileType = sourcecode.swift; path = JSCSplashViewController.swift; sourceTree = "<group>"; };
		3B70D2581C8600B100A6AB11 /* en */ = {isa = PBXFileReference; lastKnownFileType = text.plist.strings; name = en; path = en.lproj/Localizable.strings; sourceTree = "<group>"; };
		3B7C51121C944C72000AACB5 /* JSCHomeAdapter.swift */ = {isa = PBXFileReference; fileEncoding = 4; lastKnownFileType = sourcecode.swift; path = JSCHomeAdapter.swift; sourceTree = "<group>"; };
		3B7C51141C946BBF000AACB5 /* JSCFeedAPIManager.swift */ = {isa = PBXFileReference; fileEncoding = 4; lastKnownFileType = sourcecode.swift; path = JSCFeedAPIManager.swift; sourceTree = "<group>"; };
		3B7C51361C94756D000AACB5 /* JSCAppDelegate.swift */ = {isa = PBXFileReference; fileEncoding = 4; lastKnownFileType = sourcecode.swift; path = JSCAppDelegate.swift; sourceTree = "<group>"; };
		3BF0A15C1C92E70F004E9E50 /* JSCWindow.swift */ = {isa = PBXFileReference; fileEncoding = 4; lastKnownFileType = sourcecode.swift; path = JSCWindow.swift; sourceTree = "<group>"; };
		3BF0A1601C9306AA004E9E50 /* JSCEmptyView.swift */ = {isa = PBXFileReference; fileEncoding = 4; lastKnownFileType = sourcecode.swift; path = JSCEmptyView.swift; sourceTree = "<group>"; };
		3BF0A1661C933CC9004E9E50 /* JSCLoadingView.swift */ = {isa = PBXFileReference; fileEncoding = 4; lastKnownFileType = sourcecode.swift; path = JSCLoadingView.swift; sourceTree = "<group>"; };
		3BF19AF91C92090A006F4AC1 /* JSCCDSOperation.swift */ = {isa = PBXFileReference; fileEncoding = 4; lastKnownFileType = sourcecode.swift; path = JSCCDSOperation.swift; sourceTree = "<group>"; };
		3BF46A8F1C8C811200DD55EA /* JSCPostParser.swift */ = {isa = PBXFileReference; fileEncoding = 4; lastKnownFileType = sourcecode.swift; path = JSCPostParser.swift; sourceTree = "<group>"; };
		3BFF18A41C941C3D00638549 /* JSCPostTableViewCell.swift */ = {isa = PBXFileReference; fileEncoding = 4; lastKnownFileType = sourcecode.swift; path = JSCPostTableViewCell.swift; sourceTree = "<group>"; };
		3BFF18A61C9436B600638549 /* JSCHomeViewController.swift */ = {isa = PBXFileReference; fileEncoding = 4; lastKnownFileType = sourcecode.swift; path = JSCHomeViewController.swift; sourceTree = "<group>"; };
		74C96BA68FDBF442184EEF8B /* CoreTelephony.framework */ = {isa = PBXFileReference; lastKnownFileType = wrapper.framework; name = CoreTelephony.framework; path = System/Library/Frameworks/CoreTelephony.framework; sourceTree = SDKROOT; };
		8F6768CF6A78C7DF15507DFA /* BuddyBuildSDK.framework */ = {isa = PBXFileReference; lastKnownFileType = wrapper.framework; path = BuddyBuildSDK.framework; sourceTree = "<group>"; };
		A6CB6A70FA358AC88A18E033 /* QuartzCore.framework */ = {isa = PBXFileReference; lastKnownFileType = wrapper.framework; name = QuartzCore.framework; path = System/Library/Frameworks/QuartzCore.framework; sourceTree = SDKROOT; };
		ADC6FD99435A1465FF5C03EE /* SystemConfiguration.framework */ = {isa = PBXFileReference; lastKnownFileType = wrapper.framework; name = SystemConfiguration.framework; path = System/Library/Frameworks/SystemConfiguration.framework; sourceTree = SDKROOT; };
		C1C9187E6B5128FE05C33908 /* CoreText.framework */ = {isa = PBXFileReference; lastKnownFileType = wrapper.framework; name = CoreText.framework; path = System/Library/Frameworks/CoreText.framework; sourceTree = SDKROOT; };
/* End PBXFileReference section */

/* Begin PBXFrameworksBuildPhase section */
		3B3111811B6E110B008E374E /* Frameworks */ = {
			isa = PBXFrameworksBuildPhase;
			buildActionMask = 2147483647;
			files = (
				BF487C44F0E59E581C2A3BD5 /* AssetsLibrary.framework in Frameworks */,
				BA544E9361EAF529778588A5 /* CoreText.framework in Frameworks */,
				6E406D150E25D851AF9BA65E /* CoreTelephony.framework in Frameworks */,
				688E4A7F2D96FE901926B777 /* SystemConfiguration.framework in Frameworks */,
				D980C4EDBB68412EEA73790C /* QuartzCore.framework in Frameworks */,
				AFC02515028F674F69A28856 /* Pods.framework in Frameworks */,
			);
			runOnlyForDeploymentPostprocessing = 0;
		};
		3B3F58561CA1B61D00C1766E /* Frameworks */ = {
			isa = PBXFrameworksBuildPhase;
			buildActionMask = 2147483647;
			files = (
			);
			runOnlyForDeploymentPostprocessing = 0;
		};
/* End PBXFrameworksBuildPhase section */

/* Begin PBXGroup section */
		3B3111791B6E1095008E374E = {
			isa = PBXGroup;
			children = (
				3B3111861B6E110B008E374E /* SocialChallenge */,
				3B3F585A1CA1B61D00C1766E /* SocialChallengeTests */,
				3B3111851B6E110B008E374E /* Products */,
				E329036832D4BECC41E1C2D0 /* Pods */,
				E5C92224D8C24ABAB9801BE1 /* Frameworks */,
			);
			sourceTree = "<group>";
		};
		3B3111851B6E110B008E374E /* Products */ = {
			isa = PBXGroup;
			children = (
				3B3111841B6E110B008E374E /* SocialChallenge.app */,
				3B3F58591CA1B61D00C1766E /* SocialChallengeTests.xctest */,
			);
			name = Products;
			sourceTree = "<group>";
		};
		3B3111861B6E110B008E374E /* SocialChallenge */ = {
			isa = PBXGroup;
			children = (
				3B3111B11B6E127D008E374E /* AppDelegate */,
				3BD89C5B1B7768D90084FA63 /* categories */,
				3B3111B51B6E127D008E374E /* Managers */,
				3B3111B71B6E127D008E374E /* Model */,
				3BD52D891B77BB85000783E3 /* NavigationController */,
				3B3111BD1B6E127D008E374E /* Resources */,
				3B3111871B6E110B008E374E /* Supporting Files */,
				3B3111C01B6E127D008E374E /* Utilities */,
				3B3111C11B6E127D008E374E /* ViewControllers */,
				3BD89C5F1B776C170084FA63 /* Window */,
			);
			path = SocialChallenge;
			sourceTree = "<group>";
		};
		3B3111871B6E110B008E374E /* Supporting Files */ = {
			isa = PBXGroup;
			children = (
				3B4288051C89C9D200D3D4EF /* SocialChallenge-Bridging-Header.h */,
				3B3111881B6E110B008E374E /* Info.plist */,
				3B70D2591C8600B100A6AB11 /* Localizable.strings */,
				3B3111CA1B6E12F0008E374E /* PrefixHeader.pch */,
			);
			name = "Supporting Files";
			path = SupportingFiles;
			sourceTree = "<group>";
		};
		3B3111B11B6E127D008E374E /* AppDelegate */ = {
			isa = PBXGroup;
			children = (
				3B7C51361C94756D000AACB5 /* JSCAppDelegate.swift */,
			);
			path = AppDelegate;
			sourceTree = "<group>";
		};
		3B3111B41B6E127D008E374E /* Base.lproj */ = {
			isa = PBXGroup;
			children = (
			);
			name = Base.lproj;
			path = ../../Base.lproj;
			sourceTree = "<group>";
		};
		3B3111B51B6E127D008E374E /* Managers */ = {
			isa = PBXGroup;
			children = (
				3BD963281B76CC6D005365EF /* APIs */,
				3BC04A701B73868F00AB0B66 /* CoreData */,
				3B37819F1C748D9300D12BB3 /* FIleManager */,
				3BD850D71B7F3BC50077868E /* JSON */,
				3B3EF64E1C7395F700223E5A /* Media */,
				3BD850D51B7F3A880077868E /* Parsers */,
			);
			path = Managers;
			sourceTree = "<group>";
		};
		3B3111B71B6E127D008E374E /* Model */ = {
			isa = PBXGroup;
			children = (
				3B3111B81B6E127D008E374E /* Persistent */,
			);
			path = Model;
			sourceTree = "<group>";
		};
		3B3111B81B6E127D008E374E /* Persistent */ = {
			isa = PBXGroup;
			children = (
				3B3111B91B6E127D008E374E /* ManagedObjects */,
				3B3111BA1B6E127D008E374E /* Model */,
			);
			path = Persistent;
			sourceTree = "<group>";
		};
		3B3111B91B6E127D008E374E /* ManagedObjects */ = {
			isa = PBXGroup;
			children = (
				3B4287EE1C89A7F200D3D4EF /* JSCPost.swift */,
				3B4287FD1C89A8AF00D3D4EF /* JSCPost+CoreDataProperties.swift */,
				3B4287FE1C89A8AF00D3D4EF /* JSCPostPage.swift */,
				3B4287FF1C89A8AF00D3D4EF /* JSCPostPage+CoreDataProperties.swift */,
			);
			path = ManagedObjects;
			sourceTree = "<group>";
		};
		3B3111BA1B6E127D008E374E /* Model */ = {
			isa = PBXGroup;
			children = (
				3B3111BB1B6E127D008E374E /* SocialChallenge.xcdatamodeld */,
			);
			path = Model;
			sourceTree = "<group>";
		};
		3B3111BD1B6E127D008E374E /* Resources */ = {
			isa = PBXGroup;
			children = (
				3BC04A741B73903E00AB0B66 /* languages */,
				3B3111BE1B6E127D008E374E /* Images */,
			);
			path = Resources;
			sourceTree = "<group>";
		};
		3B3111BE1B6E127D008E374E /* Images */ = {
			isa = PBXGroup;
			children = (
				3B3111BF1B6E127D008E374E /* Images.xcassets */,
			);
			path = Images;
			sourceTree = "<group>";
		};
		3B3111C01B6E127D008E374E /* Utilities */ = {
			isa = PBXGroup;
			children = (
				3BD89C551B775EEC0084FA63 /* OperationCoordinator */,
				3BD963311B76CFF2005365EF /* Operation */,
			);
			path = Utilities;
			sourceTree = "<group>";
		};
		3B3111C11B6E127D008E374E /* ViewControllers */ = {
			isa = PBXGroup;
			children = (
				3B5F36B71C99DBB9009E7F7D /* SplashViewController */,
				3B3111C31B6E127D008E374E /* Home */,
			);
			path = ViewControllers;
			sourceTree = "<group>";
		};
		3B3111C31B6E127D008E374E /* Home */ = {
			isa = PBXGroup;
			children = (
				3B70D2671C872A9400A6AB11 /* Views */,
				3B3111CC1B6E16CE008E374E /* Adapter */,
				3BFF18A61C9436B600638549 /* JSCHomeViewController.swift */,
			);
			path = Home;
			sourceTree = "<group>";
		};
		3B3111CC1B6E16CE008E374E /* Adapter */ = {
			isa = PBXGroup;
			children = (
				3B3111CD1B6E16CE008E374E /* Cells */,
				3B7C51121C944C72000AACB5 /* JSCHomeAdapter.swift */,
			);
			path = Adapter;
			sourceTree = "<group>";
		};
		3B3111CD1B6E16CE008E374E /* Cells */ = {
			isa = PBXGroup;
			children = (
				3BD281E21B6F8AB70097B452 /* post */,
			);
			path = Cells;
			sourceTree = "<group>";
		};
		3B311D841CA2A50D00AB2E37 /* Model */ = {
			isa = PBXGroup;
			children = (
				3B311D851CA2A54600AB2E37 /* JSCPostTests.swift */,
				3B311D8A1CA310B600AB2E37 /* JSCPostPageTests.swift */,
			);
			path = Model;
			sourceTree = "<group>";
		};
		3B316ED61C88565C0052F19A /* Parsers */ = {
			isa = PBXGroup;
			children = (
				3B316ED71C88566F0052F19A /* Post */,
			);
			path = Parsers;
			sourceTree = "<group>";
		};
		3B316ED71C88566F0052F19A /* Post */ = {
			isa = PBXGroup;
			children = (
				3B481F101CA0632B00C91E63 /* JSCPostParserTests.swift */,
			);
			path = Post;
			sourceTree = "<group>";
		};
		3B316F041C8888DA0052F19A /* Operations */ = {
			isa = PBXGroup;
			children = (
				3B42880D1C8A501A00D3D4EF /* FeedRetrieve */,
			);
			path = Operations;
			sourceTree = "<group>";
		};
		3B37819B1C74753400D12BB3 /* Storage */ = {
			isa = PBXGroup;
			children = (
				3B30E6C41C996E0500DFE289 /* JSCMediaStorageOperation.swift */,
			);
			path = Storage;
			sourceTree = "<group>";
		};
		3B37819F1C748D9300D12BB3 /* FIleManager */ = {
			isa = PBXGroup;
			children = (
				3B3917EA1C9C0BFD00D5C699 /* JSCFileManager.swift */,
			);
			name = FIleManager;
			path = FileManager;
			sourceTree = "<group>";
		};
		3B3EF64E1C7395F700223E5A /* Media */ = {
			isa = PBXGroup;
			children = (
				3B30E6D11C99CA1D00DFE289 /* JSCMediaManager.swift */,
				3B3EF6521C7398B300223E5A /* Operations */,
			);
			path = Media;
			sourceTree = "<group>";
		};
		3B3EF6521C7398B300223E5A /* Operations */ = {
			isa = PBXGroup;
			children = (
				3B37819B1C74753400D12BB3 /* Storage */,
				3B3EF6561C73990600223E5A /* LocalRetrieval */,
			);
			path = Operations;
			sourceTree = "<group>";
		};
		3B3EF6561C73990600223E5A /* LocalRetrieval */ = {
			isa = PBXGroup;
			children = (
				3B30E6C61C9984B400DFE289 /* JSCLocalImageAssetRetrievalOperation.swift */,
			);
			path = LocalRetrieval;
			sourceTree = "<group>";
		};
		3B3F585A1CA1B61D00C1766E /* SocialChallengeTests */ = {
			isa = PBXGroup;
			children = (
				3B311D841CA2A50D00AB2E37 /* Model */,
				3B316F041C8888DA0052F19A /* Operations */,
				3B316ED61C88565C0052F19A /* Parsers */,
				3B3F585D1CA1B61D00C1766E /* Info.plist */,
			);
			path = SocialChallengeTests;
			sourceTree = "<group>";
		};
		3B3FAA3D1C60B5950019D0D0 /* NSDateFormatter */ = {
			isa = PBXGroup;
			children = (
				3B4E80271C8DE70600ECFCD0 /* JSCDateFormatter.swift */,
			);
			path = NSDateFormatter;
			sourceTree = "<group>";
		};
		3B42880D1C8A501A00D3D4EF /* FeedRetrieve */ = {
			isa = PBXGroup;
			children = (
				3B42880E1C8A501A00D3D4EF /* JSCFeedRetrieveOperationTests.m */,
			);
			path = FeedRetrieve;
			sourceTree = "<group>";
		};
		3B5F36B71C99DBB9009E7F7D /* SplashViewController */ = {
			isa = PBXGroup;
			children = (
				3B5F36B81C99DBB9009E7F7D /* JSCSplashViewController.swift */,
			);
			path = SplashViewController;
			sourceTree = "<group>";
		};
		3B70D25A1C871FA200A6AB11 /* UIImage */ = {
			isa = PBXGroup;
			children = (
				3B70D2601C8721DD00A6AB11 /* Round */,
				3B70D25F1C87219100A6AB11 /* Scale */,
			);
			path = UIImage;
			sourceTree = "<group>";
		};
		3B70D25F1C87219100A6AB11 /* Scale */ = {
			isa = PBXGroup;
			children = (
				3B3917EE1C9C3F8500D5C699 /* UIImage+JSCScaleImage.swift */,
			);
			path = Scale;
			sourceTree = "<group>";
		};
		3B70D2601C8721DD00A6AB11 /* Round */ = {
			isa = PBXGroup;
			children = (
				3B3917EC1C9C2C7600D5C699 /* UIImage+JSCRoundImage.swift */,
			);
			path = Round;
			sourceTree = "<group>";
		};
		3B70D2671C872A9400A6AB11 /* Views */ = {
			isa = PBXGroup;
			children = (
				3B70D2691C872ABD00A6AB11 /* LoadingView */,
				3B70D2681C872AAA00A6AB11 /* EmptyView */,
			);
			path = Views;
			sourceTree = "<group>";
		};
		3B70D2681C872AAA00A6AB11 /* EmptyView */ = {
			isa = PBXGroup;
			children = (
				3BF0A1601C9306AA004E9E50 /* JSCEmptyView.swift */,
			);
			path = EmptyView;
			sourceTree = "<group>";
		};
		3B70D2691C872ABD00A6AB11 /* LoadingView */ = {
			isa = PBXGroup;
			children = (
				3BF0A1661C933CC9004E9E50 /* JSCLoadingView.swift */,
			);
			path = LoadingView;
			sourceTree = "<group>";
		};
		3BC04A701B73868F00AB0B66 /* CoreData */ = {
			isa = PBXGroup;
			children = (
				3BD9633E1B76E030005365EF /* Operation */,
			);
			path = CoreData;
			sourceTree = "<group>";
		};
		3BC04A741B73903E00AB0B66 /* languages */ = {
			isa = PBXGroup;
			children = (
				3B3111B41B6E127D008E374E /* Base.lproj */,
			);
			name = languages;
			path = Languages;
			sourceTree = "<group>";
		};
		3BD281E21B6F8AB70097B452 /* post */ = {
			isa = PBXGroup;
			children = (
				3BFF18A41C941C3D00638549 /* JSCPostTableViewCell.swift */,
			);
			path = post;
			sourceTree = "<group>";
		};
		3BD52D891B77BB85000783E3 /* NavigationController */ = {
			isa = PBXGroup;
			children = (
				3B5867131C98682D005BCDEB /* JSCRootNavigationController.swift */,
			);
			path = NavigationController;
			sourceTree = "<group>";
		};
		3BD850D51B7F3A880077868E /* Parsers */ = {
			isa = PBXGroup;
			children = (
				3BF13B061C5E371400B32627 /* Abstract */,
				3BF13B051C5E359500B32627 /* PostPage */,
				3BF13B041C5E358700B32627 /* Post */,
			);
			path = Parsers;
			sourceTree = "<group>";
		};
		3BD850D71B7F3BC50077868E /* JSON */ = {
			isa = PBXGroup;
			children = (
				3B31FEB01C9B185E001E8C34 /* JSCJSONManager.swift */,
			);
			path = JSON;
			sourceTree = "<group>";
		};
		3BD89C551B775EEC0084FA63 /* OperationCoordinator */ = {
			isa = PBXGroup;
			children = (
				3B30E6CF1C99BCEA00DFE289 /* JSCOperationCoordinator.swift */,
			);
			path = OperationCoordinator;
			sourceTree = "<group>";
		};
		3BD89C5B1B7768D90084FA63 /* categories */ = {
			isa = PBXGroup;
			children = (
				3B70D25A1C871FA200A6AB11 /* UIImage */,
				3BF799551C8373D3009DDA66 /* UINavigationBar */,
				3B3FAA3D1C60B5950019D0D0 /* NSDateFormatter */,
			);
			name = categories;
			path = Categories;
			sourceTree = "<group>";
		};
		3BD89C5F1B776C170084FA63 /* Window */ = {
			isa = PBXGroup;
			children = (
				3BF0A15C1C92E70F004E9E50 /* JSCWindow.swift */,
			);
			path = Window;
			sourceTree = "<group>";
		};
		3BD963281B76CC6D005365EF /* APIs */ = {
			isa = PBXGroup;
			children = (
				3BD963291B76CCAF005365EF /* Feed */,
			);
			path = APIs;
			sourceTree = "<group>";
		};
		3BD963291B76CCAF005365EF /* Feed */ = {
			isa = PBXGroup;
			children = (
				3BD963361B76D32D005365EF /* Requests */,
				3BD9632A1B76CCE8005365EF /* Operations */,
				3B7C51141C946BBF000AACB5 /* JSCFeedAPIManager.swift */,
			);
			path = Feed;
			sourceTree = "<group>";
		};
		3BD9632A1B76CCE8005365EF /* Operations */ = {
			isa = PBXGroup;
			children = (
				3B33AC671C91BE2B0010F219 /* JSCFeedParsingOperation.swift */,
			);
			path = Operations;
			sourceTree = "<group>";
		};
		3BD963311B76CFF2005365EF /* Operation */ = {
			isa = PBXGroup;
			children = (
				3B5867171C9871B7005BCDEB /* JSCOperation.swift */,
			);
			path = Operation;
			sourceTree = "<group>";
		};
		3BD963361B76D32D005365EF /* Requests */ = {
			isa = PBXGroup;
			children = (
				3B33AC651C91B2A70010F219 /* JSCFeedRequest.swift */,
			);
			path = Requests;
			sourceTree = "<group>";
		};
		3BD9633E1B76E030005365EF /* Operation */ = {
			isa = PBXGroup;
			children = (
				3BF19AF91C92090A006F4AC1 /* JSCCDSOperation.swift */,
			);
			path = Operation;
			sourceTree = "<group>";
		};
		3BF13B041C5E358700B32627 /* Post */ = {
			isa = PBXGroup;
			children = (
				3BF46A8F1C8C811200DD55EA /* JSCPostParser.swift */,
			);
			path = Post;
			sourceTree = "<group>";
		};
		3BF13B051C5E359500B32627 /* PostPage */ = {
			isa = PBXGroup;
			children = (
				3B42880A1C89FCCF00D3D4EF /* JSCPostPageParser.swift */,
			);
			path = PostPage;
			sourceTree = "<group>";
		};
		3BF13B061C5E371400B32627 /* Abstract */ = {
			isa = PBXGroup;
			children = (
				3B4E80201C8DA1A600ECFCD0 /* JSCParser.swift */,
			);
			path = Abstract;
			sourceTree = "<group>";
		};
		3BF799551C8373D3009DDA66 /* UINavigationBar */ = {
			isa = PBXGroup;
			children = (
				3B3917F21C9C77BE00D5C699 /* UINavigationBar+JSCCustomHeight.swift */,
			);
			path = UINavigationBar;
			sourceTree = "<group>";
		};
		E329036832D4BECC41E1C2D0 /* Pods */ = {
			isa = PBXGroup;
			children = (
				2E73AAD5DB1DBD17B4F05771 /* Pods.debug.xcconfig */,
				287EE8E2B0E7510D34C9CF91 /* Pods.release.xcconfig */,
			);
			name = Pods;
			sourceTree = "<group>";
		};
		E5C92224D8C24ABAB9801BE1 /* Frameworks */ = {
			isa = PBXGroup;
			children = (
				8F6768CF6A78C7DF15507DFA /* BuddyBuildSDK.framework */,
				10F4D3D95F7F7974853D95B9 /* AssetsLibrary.framework */,
				C1C9187E6B5128FE05C33908 /* CoreText.framework */,
				74C96BA68FDBF442184EEF8B /* CoreTelephony.framework */,
				ADC6FD99435A1465FF5C03EE /* SystemConfiguration.framework */,
				A6CB6A70FA358AC88A18E033 /* QuartzCore.framework */,
				1281F7FA650B40490DA7EC82 /* Pods.framework */,
			);
			name = Frameworks;
			sourceTree = "<group>";
		};
/* End PBXGroup section */

/* Begin PBXNativeTarget section */
		3B3111831B6E110B008E374E /* SocialChallenge */ = {
			isa = PBXNativeTarget;
			buildConfigurationList = 3B3111AB1B6E110B008E374E /* Build configuration list for PBXNativeTarget "SocialChallenge" */;
			buildPhases = (
				38F5A9356B0110BAEEC9B438 /* Check Pods Manifest.lock */,
				3B3111801B6E110B008E374E /* Sources */,
				3B3111811B6E110B008E374E /* Frameworks */,
				3B3111821B6E110B008E374E /* Resources */,
				7573DD2821CE151FA49FA95D /* Embed Pods Frameworks */,
				36E9D7E2BAAA1A9C330C9E76 /* Copy Pods Resources */,
			);
			buildRules = (
			);
			dependencies = (
			);
			name = SocialChallenge;
			productName = SocialChallenge;
			productReference = 3B3111841B6E110B008E374E /* SocialChallenge.app */;
			productType = "com.apple.product-type.application";
		};
		3B3F58581CA1B61D00C1766E /* SocialChallengeTests */ = {
			isa = PBXNativeTarget;
			buildConfigurationList = 3B3F58601CA1B61D00C1766E /* Build configuration list for PBXNativeTarget "SocialChallengeTests" */;
			buildPhases = (
				3B3F58551CA1B61D00C1766E /* Sources */,
				3B3F58561CA1B61D00C1766E /* Frameworks */,
				3B3F58571CA1B61D00C1766E /* Resources */,
			);
			buildRules = (
			);
			dependencies = (
				3B3F585F1CA1B61D00C1766E /* PBXTargetDependency */,
			);
			name = SocialChallengeTests;
			productName = SocialChallengeTests;
			productReference = 3B3F58591CA1B61D00C1766E /* SocialChallengeTests.xctest */;
			productType = "com.apple.product-type.bundle.unit-test";
		};
/* End PBXNativeTarget section */

/* Begin PBXProject section */
		3B31117A1B6E1095008E374E /* Project object */ = {
			isa = PBXProject;
			attributes = {
				CLASSPREFIX = JSC;
				LastSwiftUpdateCheck = 0720;
				LastUpgradeCheck = 0720;
				TargetAttributes = {
					3B3111831B6E110B008E374E = {
						CreatedOnToolsVersion = 6.3;
					};
					3B3F58581CA1B61D00C1766E = {
						CreatedOnToolsVersion = 7.2;
						TestTargetID = 3B3111831B6E110B008E374E;
					};
				};
			};
			buildConfigurationList = 3B31117D1B6E1095008E374E /* Build configuration list for PBXProject "SocialChallenge" */;
			compatibilityVersion = "Xcode 3.2";
			developmentRegion = English;
			hasScannedForEncodings = 0;
			knownRegions = (
				en,
				Base,
			);
			mainGroup = 3B3111791B6E1095008E374E;
			productRefGroup = 3B3111851B6E110B008E374E /* Products */;
			projectDirPath = "";
			projectRoot = "";
			targets = (
				3B3111831B6E110B008E374E /* SocialChallenge */,
				3B3F58581CA1B61D00C1766E /* SocialChallengeTests */,
			);
		};
/* End PBXProject section */

/* Begin PBXResourcesBuildPhase section */
		3B3111821B6E110B008E374E /* Resources */ = {
			isa = PBXResourcesBuildPhase;
			buildActionMask = 2147483647;
			files = (
				3B3111C91B6E127D008E374E /* Images.xcassets in Resources */,
				3B70D2571C8600B100A6AB11 /* Localizable.strings in Resources */,
			);
			runOnlyForDeploymentPostprocessing = 0;
		};
		3B3F58571CA1B61D00C1766E /* Resources */ = {
			isa = PBXResourcesBuildPhase;
			buildActionMask = 2147483647;
			files = (
			);
			runOnlyForDeploymentPostprocessing = 0;
		};
/* End PBXResourcesBuildPhase section */

/* Begin PBXShellScriptBuildPhase section */
		36E9D7E2BAAA1A9C330C9E76 /* Copy Pods Resources */ = {
			isa = PBXShellScriptBuildPhase;
			buildActionMask = 2147483647;
			files = (
			);
			inputPaths = (
			);
			name = "Copy Pods Resources";
			outputPaths = (
			);
			runOnlyForDeploymentPostprocessing = 0;
			shellPath = /bin/sh;
			shellScript = "\"${SRCROOT}/Pods/Target Support Files/Pods/Pods-resources.sh\"\n";
			showEnvVarsInLog = 0;
		};
		38F5A9356B0110BAEEC9B438 /* Check Pods Manifest.lock */ = {
			isa = PBXShellScriptBuildPhase;
			buildActionMask = 2147483647;
			files = (
			);
			inputPaths = (
			);
			name = "Check Pods Manifest.lock";
			outputPaths = (
			);
			runOnlyForDeploymentPostprocessing = 0;
			shellPath = /bin/sh;
			shellScript = "diff \"${PODS_ROOT}/../Podfile.lock\" \"${PODS_ROOT}/Manifest.lock\" > /dev/null\nif [[ $? != 0 ]] ; then\n    cat << EOM\nerror: The sandbox is not in sync with the Podfile.lock. Run 'pod install' or update your CocoaPods installation.\nEOM\n    exit 1\nfi\n";
			showEnvVarsInLog = 0;
		};
		7573DD2821CE151FA49FA95D /* Embed Pods Frameworks */ = {
			isa = PBXShellScriptBuildPhase;
			buildActionMask = 2147483647;
			files = (
			);
			inputPaths = (
			);
			name = "Embed Pods Frameworks";
			outputPaths = (
			);
			runOnlyForDeploymentPostprocessing = 0;
			shellPath = /bin/sh;
			shellScript = "\"${SRCROOT}/Pods/Target Support Files/Pods/Pods-frameworks.sh\"\n";
			showEnvVarsInLog = 0;
		};
/* End PBXShellScriptBuildPhase section */

/* Begin PBXSourcesBuildPhase section */
		3B3111801B6E110B008E374E /* Sources */ = {
			isa = PBXSourcesBuildPhase;
			buildActionMask = 2147483647;
			files = (
				3B5867181C9871B7005BCDEB /* JSCOperation.swift in Sources */,
				3B3917ED1C9C2C7600D5C699 /* UIImage+JSCRoundImage.swift in Sources */,
				3B30E6D01C99BCEA00DFE289 /* JSCOperationCoordinator.swift in Sources */,
				3BFF18A51C941C3D00638549 /* JSCPostTableViewCell.swift in Sources */,
				3B4288001C89A8AF00D3D4EF /* JSCPost+CoreDataProperties.swift in Sources */,
				3BF46A901C8C811200DD55EA /* JSCPostParser.swift in Sources */,
				3B4E80281C8DE70600ECFCD0 /* JSCDateFormatter.swift in Sources */,
				3B4E80211C8DA1A600ECFCD0 /* JSCParser.swift in Sources */,
				3B3917EB1C9C0BFD00D5C699 /* JSCFileManager.swift in Sources */,
				3B7C51151C946BBF000AACB5 /* JSCFeedAPIManager.swift in Sources */,
				3B5F36B91C99DBB9009E7F7D /* JSCSplashViewController.swift in Sources */,
				3B5867141C98682D005BCDEB /* JSCRootNavigationController.swift in Sources */,
				3BFF18A71C9436B600638549 /* JSCHomeViewController.swift in Sources */,
				3B3917F31C9C77BE00D5C699 /* UINavigationBar+JSCCustomHeight.swift in Sources */,
				3B3917F11C9C763900D5C699 /* UIImage+JSCScaleImage.swift in Sources */,
				3B31FEB11C9B185E001E8C34 /* JSCJSONManager.swift in Sources */,
				3B3111C81B6E127D008E374E /* SocialChallenge.xcdatamodeld in Sources */,
				3B7C51371C94756D000AACB5 /* JSCAppDelegate.swift in Sources */,
				3B7C51131C944C72000AACB5 /* JSCHomeAdapter.swift in Sources */,
				3B4287EF1C89A7F200D3D4EF /* JSCPost.swift in Sources */,
				3B30E6C71C9984B400DFE289 /* JSCLocalImageAssetRetrievalOperation.swift in Sources */,
				3BF0A15D1C92E70F004E9E50 /* JSCWindow.swift in Sources */,
				3BF19AFA1C92090A006F4AC1 /* JSCCDSOperation.swift in Sources */,
				3BF0A1681C933D8B004E9E50 /* JSCEmptyView.swift in Sources */,
				3B42880B1C89FCCF00D3D4EF /* JSCPostPageParser.swift in Sources */,
				3B33AC681C91BE2B0010F219 /* JSCFeedParsingOperation.swift in Sources */,
				3B33AC661C91B2A70010F219 /* JSCFeedRequest.swift in Sources */,
				3B30E6D21C99CA1D00DFE289 /* JSCMediaManager.swift in Sources */,
				3B4288071C89E80F00D3D4EF /* JSCPostPage.swift in Sources */,
				3B4288061C89E80D00D3D4EF /* JSCPostPage+CoreDataProperties.swift in Sources */,
				3BF0A1671C933CC9004E9E50 /* JSCLoadingView.swift in Sources */,
				3B30E6C51C996E0500DFE289 /* JSCMediaStorageOperation.swift in Sources */,
			);
			runOnlyForDeploymentPostprocessing = 0;
		};
		3B3F58551CA1B61D00C1766E /* Sources */ = {
			isa = PBXSourcesBuildPhase;
			buildActionMask = 2147483647;
			files = (
				3B311D861CA2A54600AB2E37 /* JSCPostTests.swift in Sources */,
				3B3F58631CA1B64700C1766E /* JSCPostParserTests.swift in Sources */,
				3B311D8B1CA310B600AB2E37 /* JSCPostPageTests.swift in Sources */,
			);
			runOnlyForDeploymentPostprocessing = 0;
		};
/* End PBXSourcesBuildPhase section */

/* Begin PBXTargetDependency section */
		3B3F585F1CA1B61D00C1766E /* PBXTargetDependency */ = {
			isa = PBXTargetDependency;
			target = 3B3111831B6E110B008E374E /* SocialChallenge */;
			targetProxy = 3B3F585E1CA1B61D00C1766E /* PBXContainerItemProxy */;
		};
/* End PBXTargetDependency section */

/* Begin PBXVariantGroup section */
		3B70D2591C8600B100A6AB11 /* Localizable.strings */ = {
			isa = PBXVariantGroup;
			children = (
				3B70D2581C8600B100A6AB11 /* en */,
			);
			name = Localizable.strings;
			sourceTree = "<group>";
		};
/* End PBXVariantGroup section */

/* Begin XCBuildConfiguration section */
		3B31117E1B6E1095008E374E /* Debug */ = {
			isa = XCBuildConfiguration;
			buildSettings = {
				ENABLE_TESTABILITY = YES;
				IPHONEOS_DEPLOYMENT_TARGET = 8.4;
				ONLY_ACTIVE_ARCH = YES;
			};
			name = Debug;
		};
		3B31117F1B6E1095008E374E /* Release */ = {
			isa = XCBuildConfiguration;
			buildSettings = {
				ENABLE_TESTABILITY = YES;
				IPHONEOS_DEPLOYMENT_TARGET = 8.4;
			};
			name = Release;
		};
		3B3111AC1B6E110B008E374E /* Debug */ = {
			isa = XCBuildConfiguration;
			baseConfigurationReference = 2E73AAD5DB1DBD17B4F05771 /* Pods.debug.xcconfig */;
			buildSettings = {
				ALWAYS_SEARCH_USER_PATHS = NO;
				ASSETCATALOG_COMPILER_APPICON_NAME = AppIcon;
				ASSETCATALOG_COMPILER_LAUNCHIMAGE_NAME = LaunchImage;
				CLANG_CXX_LANGUAGE_STANDARD = "gnu++0x";
				CLANG_CXX_LIBRARY = "libc++";
				CLANG_ENABLE_MODULES = YES;
				CLANG_ENABLE_OBJC_ARC = YES;
				CLANG_WARN_BOOL_CONVERSION = YES;
				CLANG_WARN_CONSTANT_CONVERSION = YES;
				CLANG_WARN_DIRECT_OBJC_ISA_USAGE = YES_ERROR;
				CLANG_WARN_EMPTY_BODY = YES;
				CLANG_WARN_ENUM_CONVERSION = YES;
				CLANG_WARN_INT_CONVERSION = YES;
				CLANG_WARN_OBJC_ROOT_CLASS = YES_ERROR;
				CLANG_WARN_UNREACHABLE_CODE = YES;
				CLANG_WARN__DUPLICATE_METHOD_MATCH = YES;
				CODE_SIGN_IDENTITY = "iPhone Developer";
				"CODE_SIGN_IDENTITY[sdk=iphoneos*]" = "iPhone Developer";
				COPY_PHASE_STRIP = NO;
				DEBUG_INFORMATION_FORMAT = "dwarf-with-dsym";
				ENABLE_STRICT_OBJC_MSGSEND = YES;
				FRAMEWORK_SEARCH_PATHS = (
					"$(inherited)",
					"$(PROJECT_DIR)",
				);
				GCC_C_LANGUAGE_STANDARD = gnu99;
				GCC_DYNAMIC_NO_PIC = NO;
				GCC_NO_COMMON_BLOCKS = YES;
				GCC_OPTIMIZATION_LEVEL = 0;
				GCC_PREFIX_HEADER = SocialChallenge/SupportingFIles/PrefixHeader.pch;
				GCC_PREPROCESSOR_DEFINITIONS = (
					"API_END_POINT=@\\\"http://unii-interview.herokuapp.com/api/v1/posts\\\"",
					"$(inherited)",
					"DEBUG=1",
				);
				GCC_SYMBOLS_PRIVATE_EXTERN = NO;
				GCC_WARN_64_TO_32_BIT_CONVERSION = YES;
				GCC_WARN_ABOUT_RETURN_TYPE = YES_ERROR;
				GCC_WARN_UNDECLARED_SELECTOR = YES;
				GCC_WARN_UNINITIALIZED_AUTOS = YES_AGGRESSIVE;
				GCC_WARN_UNUSED_FUNCTION = YES;
				GCC_WARN_UNUSED_VARIABLE = YES;
				INFOPLIST_FILE = SocialChallenge/SupportingFiles/Info.plist;
				IPHONEOS_DEPLOYMENT_TARGET = 8.4;
				LD_RUNPATH_SEARCH_PATHS = "$(inherited) @executable_path/Frameworks";
				MTL_ENABLE_DEBUG_INFO = YES;
				ONLY_ACTIVE_ARCH = YES;
				OTHER_LDFLAGS = "$(inherited)";
				OTHER_LIBTOOLFLAGS = "-ObjC";
				OTHER_SWIFT_FLAGS = "-D DEBUG";
				PRODUCT_BUNDLE_IDENTIFIER = com.lagusoft.socialchallenge;
				PRODUCT_NAME = "$(TARGET_NAME)";
				SDKROOT = iphoneos;
				SWIFT_OBJC_BRIDGING_HEADER = "SocialChallenge/SupportingFiles/SocialChallenge-Bridging-Header.h";
				SWIFT_OPTIMIZATION_LEVEL = "-Onone";
			};
			name = Debug;
		};
		3B3111AD1B6E110B008E374E /* Release */ = {
			isa = XCBuildConfiguration;
			baseConfigurationReference = 287EE8E2B0E7510D34C9CF91 /* Pods.release.xcconfig */;
			buildSettings = {
				ALWAYS_SEARCH_USER_PATHS = NO;
				ASSETCATALOG_COMPILER_APPICON_NAME = AppIcon;
				ASSETCATALOG_COMPILER_LAUNCHIMAGE_NAME = LaunchImage;
				CLANG_CXX_LANGUAGE_STANDARD = "gnu++0x";
				CLANG_CXX_LIBRARY = "libc++";
				CLANG_ENABLE_MODULES = YES;
				CLANG_ENABLE_OBJC_ARC = YES;
				CLANG_WARN_BOOL_CONVERSION = YES;
				CLANG_WARN_CONSTANT_CONVERSION = YES;
				CLANG_WARN_DIRECT_OBJC_ISA_USAGE = YES_ERROR;
				CLANG_WARN_EMPTY_BODY = YES;
				CLANG_WARN_ENUM_CONVERSION = YES;
				CLANG_WARN_INT_CONVERSION = YES;
				CLANG_WARN_OBJC_ROOT_CLASS = YES_ERROR;
				CLANG_WARN_UNREACHABLE_CODE = YES;
				CLANG_WARN__DUPLICATE_METHOD_MATCH = YES;
				CODE_SIGN_IDENTITY = "iPhone Developer";
				"CODE_SIGN_IDENTITY[sdk=iphoneos*]" = "iPhone Developer";
				COPY_PHASE_STRIP = NO;
				DEBUG_INFORMATION_FORMAT = "dwarf-with-dsym";
				ENABLE_NS_ASSERTIONS = NO;
				ENABLE_STRICT_OBJC_MSGSEND = YES;
				FRAMEWORK_SEARCH_PATHS = (
					"$(inherited)",
					"$(PROJECT_DIR)",
				);
				GCC_C_LANGUAGE_STANDARD = gnu99;
				GCC_NO_COMMON_BLOCKS = YES;
				GCC_PREFIX_HEADER = SocialChallenge/SupportingFIles/PrefixHeader.pch;
				GCC_PREPROCESSOR_DEFINITIONS = (
					"$(inherited)",
					"COCOAPODS=1",
					"API_END_POINT=@\\\"http://unii-interview.herokuapp.com/api/v1/posts\\\"",
				);
				GCC_WARN_64_TO_32_BIT_CONVERSION = YES;
				GCC_WARN_ABOUT_RETURN_TYPE = YES_ERROR;
				GCC_WARN_UNDECLARED_SELECTOR = YES;
				GCC_WARN_UNINITIALIZED_AUTOS = YES_AGGRESSIVE;
				GCC_WARN_UNUSED_FUNCTION = YES;
				GCC_WARN_UNUSED_VARIABLE = YES;
				INFOPLIST_FILE = SocialChallenge/SupportingFiles/Info.plist;
				IPHONEOS_DEPLOYMENT_TARGET = 8.4;
				LD_RUNPATH_SEARCH_PATHS = "$(inherited) @executable_path/Frameworks";
				MTL_ENABLE_DEBUG_INFO = NO;
				OTHER_LDFLAGS = "$(inherited)";
				OTHER_LIBTOOLFLAGS = "-ObjC";
				PRODUCT_BUNDLE_IDENTIFIER = com.lagusoft.socialchallenge;
				PRODUCT_NAME = "$(TARGET_NAME)";
				SDKROOT = iphoneos;
				SWIFT_OBJC_BRIDGING_HEADER = "SocialChallenge/SupportingFiles/SocialChallenge-Bridging-Header.h";
				VALIDATE_PRODUCT = YES;
			};
			name = Release;
		};
		3B3F58611CA1B61D00C1766E /* Debug */ = {
			isa = XCBuildConfiguration;
			buildSettings = {
				ALWAYS_SEARCH_USER_PATHS = NO;
				BUNDLE_LOADER = "$(TEST_HOST)";
				CLANG_CXX_LANGUAGE_STANDARD = "gnu++0x";
				CLANG_CXX_LIBRARY = "libc++";
				CLANG_ENABLE_MODULES = YES;
				CLANG_ENABLE_OBJC_ARC = YES;
				CLANG_WARN_BOOL_CONVERSION = YES;
				CLANG_WARN_CONSTANT_CONVERSION = YES;
				CLANG_WARN_DIRECT_OBJC_ISA_USAGE = YES_ERROR;
				CLANG_WARN_EMPTY_BODY = YES;
				CLANG_WARN_ENUM_CONVERSION = YES;
				CLANG_WARN_INT_CONVERSION = YES;
				CLANG_WARN_OBJC_ROOT_CLASS = YES_ERROR;
				CLANG_WARN_UNREACHABLE_CODE = YES;
				CLANG_WARN__DUPLICATE_METHOD_MATCH = YES;
				"CODE_SIGN_IDENTITY[sdk=iphoneos*]" = "iPhone Developer";
				COPY_PHASE_STRIP = NO;
				DEBUG_INFORMATION_FORMAT = dwarf;
				ENABLE_STRICT_OBJC_MSGSEND = YES;
				GCC_C_LANGUAGE_STANDARD = gnu99;
				GCC_DYNAMIC_NO_PIC = NO;
				GCC_NO_COMMON_BLOCKS = YES;
				GCC_OPTIMIZATION_LEVEL = 0;
				GCC_PREPROCESSOR_DEFINITIONS = (
					"DEBUG=1",
					"$(inherited)",
				);
				GCC_WARN_64_TO_32_BIT_CONVERSION = YES;
				GCC_WARN_ABOUT_RETURN_TYPE = YES_ERROR;
				GCC_WARN_UNDECLARED_SELECTOR = YES;
				GCC_WARN_UNINITIALIZED_AUTOS = YES_AGGRESSIVE;
				GCC_WARN_UNUSED_FUNCTION = YES;
				GCC_WARN_UNUSED_VARIABLE = YES;
				INFOPLIST_FILE = SocialChallengeTests/Info.plist;
				IPHONEOS_DEPLOYMENT_TARGET = 9.2;
				LD_RUNPATH_SEARCH_PATHS = "$(inherited) @executable_path/Frameworks @loader_path/Frameworks";
				MTL_ENABLE_DEBUG_INFO = YES;
				PRODUCT_BUNDLE_IDENTIFIER = com.lagusoft.SocialChallengeTests;
				PRODUCT_NAME = "$(TARGET_NAME)";
				SDKROOT = iphoneos;
				SWIFT_INSTALL_OBJC_HEADER = NO;
				SWIFT_OPTIMIZATION_LEVEL = "-Onone";
				TEST_HOST = "$(BUILT_PRODUCTS_DIR)/SocialChallenge.app/SocialChallenge";
			};
			name = Debug;
		};
		3B3F58621CA1B61D00C1766E /* Release */ = {
			isa = XCBuildConfiguration;
			buildSettings = {
				ALWAYS_SEARCH_USER_PATHS = NO;
				BUNDLE_LOADER = "$(TEST_HOST)";
				CLANG_CXX_LANGUAGE_STANDARD = "gnu++0x";
				CLANG_CXX_LIBRARY = "libc++";
				CLANG_ENABLE_MODULES = YES;
				CLANG_ENABLE_OBJC_ARC = YES;
				CLANG_WARN_BOOL_CONVERSION = YES;
				CLANG_WARN_CONSTANT_CONVERSION = YES;
				CLANG_WARN_DIRECT_OBJC_ISA_USAGE = YES_ERROR;
				CLANG_WARN_EMPTY_BODY = YES;
				CLANG_WARN_ENUM_CONVERSION = YES;
				CLANG_WARN_INT_CONVERSION = YES;
				CLANG_WARN_OBJC_ROOT_CLASS = YES_ERROR;
				CLANG_WARN_UNREACHABLE_CODE = YES;
				CLANG_WARN__DUPLICATE_METHOD_MATCH = YES;
				"CODE_SIGN_IDENTITY[sdk=iphoneos*]" = "iPhone Developer";
				COPY_PHASE_STRIP = NO;
				DEBUG_INFORMATION_FORMAT = "dwarf-with-dsym";
				ENABLE_NS_ASSERTIONS = NO;
				ENABLE_STRICT_OBJC_MSGSEND = YES;
				GCC_C_LANGUAGE_STANDARD = gnu99;
				GCC_NO_COMMON_BLOCKS = YES;
				GCC_WARN_64_TO_32_BIT_CONVERSION = YES;
				GCC_WARN_ABOUT_RETURN_TYPE = YES_ERROR;
				GCC_WARN_UNDECLARED_SELECTOR = YES;
				GCC_WARN_UNINITIALIZED_AUTOS = YES_AGGRESSIVE;
				GCC_WARN_UNUSED_FUNCTION = YES;
				GCC_WARN_UNUSED_VARIABLE = YES;
				INFOPLIST_FILE = SocialChallengeTests/Info.plist;
				IPHONEOS_DEPLOYMENT_TARGET = 9.2;
				LD_RUNPATH_SEARCH_PATHS = "$(inherited) @executable_path/Frameworks @loader_path/Frameworks";
				MTL_ENABLE_DEBUG_INFO = NO;
				PRODUCT_BUNDLE_IDENTIFIER = com.lagusoft.SocialChallengeTests;
				PRODUCT_NAME = "$(TARGET_NAME)";
				SDKROOT = iphoneos;
				SWIFT_INSTALL_OBJC_HEADER = NO;
				TEST_HOST = "$(BUILT_PRODUCTS_DIR)/SocialChallenge.app/SocialChallenge";
				VALIDATE_PRODUCT = YES;
			};
			name = Release;
		};
/* End XCBuildConfiguration section */

/* Begin XCConfigurationList section */
		3B31117D1B6E1095008E374E /* Build configuration list for PBXProject "SocialChallenge" */ = {
			isa = XCConfigurationList;
			buildConfigurations = (
				3B31117E1B6E1095008E374E /* Debug */,
				3B31117F1B6E1095008E374E /* Release */,
			);
			defaultConfigurationIsVisible = 0;
			defaultConfigurationName = Debug;
		};
		3B3111AB1B6E110B008E374E /* Build configuration list for PBXNativeTarget "SocialChallenge" */ = {
			isa = XCConfigurationList;
			buildConfigurations = (
				3B3111AC1B6E110B008E374E /* Debug */,
				3B3111AD1B6E110B008E374E /* Release */,
			);
			defaultConfigurationIsVisible = 0;
			defaultConfigurationName = Debug;
		};
		3B3F58601CA1B61D00C1766E /* Build configuration list for PBXNativeTarget "SocialChallengeTests" */ = {
			isa = XCConfigurationList;
			buildConfigurations = (
				3B3F58611CA1B61D00C1766E /* Debug */,
				3B3F58621CA1B61D00C1766E /* Release */,
			);
			defaultConfigurationIsVisible = 0;
			defaultConfigurationName = Debug;
		};
/* End XCConfigurationList section */

/* Begin XCVersionGroup section */
		3B3111BB1B6E127D008E374E /* SocialChallenge.xcdatamodeld */ = {
			isa = XCVersionGroup;
			children = (
				3B3111BC1B6E127D008E374E /* SocialChallenge.xcdatamodel */,
			);
			currentVersion = 3B3111BC1B6E127D008E374E /* SocialChallenge.xcdatamodel */;
			path = SocialChallenge.xcdatamodeld;
			sourceTree = "<group>";
			versionGroupType = wrapper.xcdatamodel;
		};
/* End XCVersionGroup section */
	};
	rootObject = 3B31117A1B6E1095008E374E /* Project object */;
}
